
Microsoft Visual Studio Solution File, Format Version 12.00
# Visual Studio Version 16
VisualStudioVersion = 16.0.30204.135
MinimumVisualStudioVersion = 10.0.40219.1
Project("{FAE04EC0-301F-11D3-BF4B-00C04F79EFBC}") = "RockPaperScissors", "RockPaperScissors\RockPaperScissors.csproj", "{E19505DD-2E3F-46E7-B19E-C1C8386B93D6}"
EndProject
Project("{FAE04EC0-301F-11D3-BF4B-00C04F79EFBC}") = "RockPaperScissors.Tests", "RockPaperScissors.Tests\RockPaperScissors.Tests.csproj", "{CF630D9C-A983-44B8-AF06-43F3230A713C}"
EndProject
Global
	GlobalSection(SolutionConfigurationPlatforms) = preSolution
		Debug|Any CPU = Debug|Any CPU
		Release|Any CPU = Release|Any CPU
	EndGlobalSection
	GlobalSection(ProjectConfigurationPlatforms) = postSolution
		{E19505DD-2E3F-46E7-B19E-C1C8386B93D6}.Debug|Any CPU.ActiveCfg = Debug|Any CPU
		{E19505DD-2E3F-46E7-B19E-C1C8386B93D6}.Debug|Any CPU.Build.0 = Debug|Any CPU
		{E19505DD-2E3F-46E7-B19E-C1C8386B93D6}.Release|Any CPU.ActiveCfg = Release|Any CPU
		{E19505DD-2E3F-46E7-B19E-C1C8386B93D6}.Release|Any CPU.Build.0 = Release|Any CPU
		{CF630D9C-A983-44B8-AF06-43F3230A713C}.Debug|Any CPU.ActiveCfg = Debug|Any CPU
		{CF630D9C-A983-44B8-AF06-43F3230A713C}.Debug|Any CPU.Build.0 = Debug|Any CPU
		{CF630D9C-A983-44B8-AF06-43F3230A713C}.Release|Any CPU.ActiveCfg = Release|Any CPU
		{CF630D9C-A983-44B8-AF06-43F3230A713C}.Release|Any CPU.Build.0 = Release|Any CPU
	EndGlobalSection
	GlobalSection(SolutionProperties) = preSolution
		HideSolutionNode = FALSE
	EndGlobalSection
	GlobalSection(ExtensibilityGlobals) = postSolution
		SolutionGuid = {10DDC299-312B-489B-8D88-F09A25B6479C}
	EndGlobalSection
EndGlobal
